
Microsoft Visual Studio Solution File, Format Version 12.00
# Visual Studio Version 17
VisualStudioVersion = 17.7.34018.315
MinimumVisualStudioVersion = 10.0.40219.1
Project("{FAE04EC0-301F-11D3-BF4B-00C04F79EFBC}") = "DesafioCodeBreaker", "DesafioCodeBreaker\DesafioCodeBreaker.csproj", "{81E0F9ED-0A0E-485B-B5F4-661E888CAE7B}"
EndProject
Global
	GlobalSection(SolutionConfigurationPlatforms) = preSolution
		Debug|Any CPU = Debug|Any CPU
		Release|Any CPU = Release|Any CPU
	EndGlobalSection
	GlobalSection(ProjectConfigurationPlatforms) = postSolution
		{81E0F9ED-0A0E-485B-B5F4-661E888CAE7B}.Debug|Any CPU.ActiveCfg = Debug|Any CPU
		{81E0F9ED-0A0E-485B-B5F4-661E888CAE7B}.Debug|Any CPU.Build.0 = Debug|Any CPU
		{81E0F9ED-0A0E-485B-B5F4-661E888CAE7B}.Release|Any CPU.ActiveCfg = Release|Any CPU
		{81E0F9ED-0A0E-485B-B5F4-661E888CAE7B}.Release|Any CPU.Build.0 = Release|Any CPU
	EndGlobalSection
	GlobalSection(SolutionProperties) = preSolution
		HideSolutionNode = FALSE
	EndGlobalSection
	GlobalSection(ExtensibilityGlobals) = postSolution
		SolutionGuid = {F3FD3788-A9A2-4FFF-B565-C03D91B6EB4D}
	EndGlobalSection
EndGlobal
